
Microsoft Visual Studio Solution File, Format Version 12.00
# Visual Studio 14
VisualStudioVersion = 14.0.23107.0
MinimumVisualStudioVersion = 10.0.40219.1
Project("{FAE04EC0-301F-11D3-BF4B-00C04F79EFBC}") = "Emergy.Mobile.Infrastructure", "mobile\Emergy.Mobile.Infrastructure\Emergy.Mobile.Infrastructure.csproj", "{67F9D3A8-F71E-4428-913F-C37AE82CDB24}"
EndProject
Project("{FAE04EC0-301F-11D3-BF4B-00C04F79EFBC}") = "Emergy.Mobile", "mobile\Emergy.Mobile\Emergy.Mobile\Emergy.Mobile.csproj", "{6F5D5744-769A-4108-A1FF-867EAA173275}"
EndProject
Project("{FAE04EC0-301F-11D3-BF4B-00C04F79EFBC}") = "Emergy.Mobile.iOS", "mobile\Emergy.Mobile\Emergy.Mobile.iOS\Emergy.Mobile.iOS.csproj", "{FEACE310-0393-4F7A-92CF-E593DBC5E01C}"
EndProject
Project("{FAE04EC0-301F-11D3-BF4B-00C04F79EFBC}") = "Emergy.Mobile.Droid", "mobile\Emergy.Mobile\Emergy.Mobile.Droid\Emergy.Mobile.Droid.csproj", "{9973C3CE-80ED-4EC5-966C-E7E18FF89799}"
EndProject
Project("{FAE04EC0-301F-11D3-BF4B-00C04F79EFBC}") = "Emergy.Mobile.WinPhone", "mobile\Emergy.Mobile\Emergy.Mobile.WinPhone\Emergy.Mobile.WinPhone.csproj", "{38CBFAA9-E253-4D54-971B-B12DCA6F808D}"
EndProject
Project("{2150E333-8FDC-42A3-9474-1A3956D46DE8}") = ".nuget", ".nuget", "{E2DFF8A9-A5FC-4AB6-8CB6-3A306041F7FE}"
	ProjectSection(SolutionItems) = preProject
		.nuget\NuGet.Config = .nuget\NuGet.Config
		.nuget\NuGet.exe = .nuget\NuGet.exe
		.nuget\NuGet.targets = .nuget\NuGet.targets
	EndProjectSection
EndProject
Project("{2150E333-8FDC-42A3-9474-1A3956D46DE8}") = "Mobile", "Mobile", "{16A53356-F87C-4EFA-B0C3-CC86C7D0ACFA}"
EndProject
Project("{2150E333-8FDC-42A3-9474-1A3956D46DE8}") = "Api", "Api", "{EC3FFFAC-41CD-4DBE-A5CD-07F5EE5B6070}"
EndProject
Project("{FAE04EC0-301F-11D3-BF4B-00C04F79EFBC}") = "Emergy.Api", "Emergy.Api\Emergy.Api.csproj", "{C0B7C1DF-2B42-4E5C-B4B2-F08F8DC3DECF}"
EndProject
Project("{FAE04EC0-301F-11D3-BF4B-00C04F79EFBC}") = "Emergy.Api.Tests", "Emergy.Api.Tests\Emergy.Api.Tests.csproj", "{069EB789-B90B-4DEC-9E7D-DFDCC6077887}"
EndProject
Project("{FAE04EC0-301F-11D3-BF4B-00C04F79EFBC}") = "Emergy.Api.Data", "api\Emergy.Api.Data\Emergy.Api.Data.csproj", "{1A144824-2DAA-4358-86D7-E8E50FB0E220}"
EndProject
Project("{FAE04EC0-301F-11D3-BF4B-00C04F79EFBC}") = "Emergy.Api.Core", "api\Emergy.Api.Core\Emergy.Api.Core.csproj", "{836D9F1D-F80F-41A9-A301-18CE788D9DF2}"
EndProject
Project("{2150E333-8FDC-42A3-9474-1A3956D46DE8}") = "Shared", "Shared", "{D85C75E7-298A-4A93-8445-284CD8455588}"
EndProject
Project("{FAE04EC0-301F-11D3-BF4B-00C04F79EFBC}") = "Emergy.Shared", "Emergy.Shared\Emergy.Shared.csproj", "{6B34BF5C-9E1C-4D90-BCC2-D02A870CFCC5}"
EndProject
Global
	GlobalSection(SolutionConfigurationPlatforms) = preSolution
		Ad-Hoc|Any CPU = Ad-Hoc|Any CPU
		Ad-Hoc|ARM = Ad-Hoc|ARM
		Ad-Hoc|iPhone = Ad-Hoc|iPhone
		Ad-Hoc|iPhoneSimulator = Ad-Hoc|iPhoneSimulator
		Ad-Hoc|Mixed Platforms = Ad-Hoc|Mixed Platforms
		Ad-Hoc|x86 = Ad-Hoc|x86
		AppStore|Any CPU = AppStore|Any CPU
		AppStore|ARM = AppStore|ARM
		AppStore|iPhone = AppStore|iPhone
		AppStore|iPhoneSimulator = AppStore|iPhoneSimulator
		AppStore|Mixed Platforms = AppStore|Mixed Platforms
		AppStore|x86 = AppStore|x86
		Debug|Any CPU = Debug|Any CPU
		Debug|ARM = Debug|ARM
		Debug|iPhone = Debug|iPhone
		Debug|iPhoneSimulator = Debug|iPhoneSimulator
		Debug|Mixed Platforms = Debug|Mixed Platforms
		Debug|x86 = Debug|x86
		Release|Any CPU = Release|Any CPU
		Release|ARM = Release|ARM
		Release|iPhone = Release|iPhone
		Release|iPhoneSimulator = Release|iPhoneSimulator
		Release|Mixed Platforms = Release|Mixed Platforms
		Release|x86 = Release|x86
	EndGlobalSection
	GlobalSection(ProjectConfigurationPlatforms) = postSolution
		{67F9D3A8-F71E-4428-913F-C37AE82CDB24}.Ad-Hoc|Any CPU.ActiveCfg = Release|Any CPU
		{67F9D3A8-F71E-4428-913F-C37AE82CDB24}.Ad-Hoc|Any CPU.Build.0 = Release|Any CPU
		{67F9D3A8-F71E-4428-913F-C37AE82CDB24}.Ad-Hoc|ARM.ActiveCfg = Release|Any CPU
		{67F9D3A8-F71E-4428-913F-C37AE82CDB24}.Ad-Hoc|iPhone.ActiveCfg = Release|Any CPU
		{67F9D3A8-F71E-4428-913F-C37AE82CDB24}.Ad-Hoc|iPhoneSimulator.ActiveCfg = Release|Any CPU
		{67F9D3A8-F71E-4428-913F-C37AE82CDB24}.Ad-Hoc|Mixed Platforms.ActiveCfg = Release|Any CPU
		{67F9D3A8-F71E-4428-913F-C37AE82CDB24}.Ad-Hoc|Mixed Platforms.Build.0 = Release|Any CPU
		{67F9D3A8-F71E-4428-913F-C37AE82CDB24}.Ad-Hoc|x86.ActiveCfg = Release|Any CPU
		{67F9D3A8-F71E-4428-913F-C37AE82CDB24}.AppStore|Any CPU.ActiveCfg = Release|Any CPU
		{67F9D3A8-F71E-4428-913F-C37AE82CDB24}.AppStore|Any CPU.Build.0 = Release|Any CPU
		{67F9D3A8-F71E-4428-913F-C37AE82CDB24}.AppStore|ARM.ActiveCfg = Release|Any CPU
		{67F9D3A8-F71E-4428-913F-C37AE82CDB24}.AppStore|iPhone.ActiveCfg = Release|Any CPU
		{67F9D3A8-F71E-4428-913F-C37AE82CDB24}.AppStore|iPhoneSimulator.ActiveCfg = Release|Any CPU
		{67F9D3A8-F71E-4428-913F-C37AE82CDB24}.AppStore|Mixed Platforms.ActiveCfg = Release|Any CPU
		{67F9D3A8-F71E-4428-913F-C37AE82CDB24}.AppStore|Mixed Platforms.Build.0 = Release|Any CPU
		{67F9D3A8-F71E-4428-913F-C37AE82CDB24}.AppStore|x86.ActiveCfg = Release|Any CPU
		{67F9D3A8-F71E-4428-913F-C37AE82CDB24}.Debug|Any CPU.ActiveCfg = Debug|Any CPU
		{67F9D3A8-F71E-4428-913F-C37AE82CDB24}.Debug|Any CPU.Build.0 = Debug|Any CPU
		{67F9D3A8-F71E-4428-913F-C37AE82CDB24}.Debug|ARM.ActiveCfg = Debug|Any CPU
		{67F9D3A8-F71E-4428-913F-C37AE82CDB24}.Debug|iPhone.ActiveCfg = Debug|Any CPU
		{67F9D3A8-F71E-4428-913F-C37AE82CDB24}.Debug|iPhoneSimulator.ActiveCfg = Debug|Any CPU
		{67F9D3A8-F71E-4428-913F-C37AE82CDB24}.Debug|Mixed Platforms.ActiveCfg = Debug|Any CPU
		{67F9D3A8-F71E-4428-913F-C37AE82CDB24}.Debug|Mixed Platforms.Build.0 = Debug|Any CPU
		{67F9D3A8-F71E-4428-913F-C37AE82CDB24}.Debug|x86.ActiveCfg = Debug|Any CPU
		{67F9D3A8-F71E-4428-913F-C37AE82CDB24}.Release|Any CPU.ActiveCfg = Release|Any CPU
		{67F9D3A8-F71E-4428-913F-C37AE82CDB24}.Release|Any CPU.Build.0 = Release|Any CPU
		{67F9D3A8-F71E-4428-913F-C37AE82CDB24}.Release|ARM.ActiveCfg = Release|Any CPU
		{67F9D3A8-F71E-4428-913F-C37AE82CDB24}.Release|iPhone.ActiveCfg = Release|Any CPU
		{67F9D3A8-F71E-4428-913F-C37AE82CDB24}.Release|iPhoneSimulator.ActiveCfg = Release|Any CPU
		{67F9D3A8-F71E-4428-913F-C37AE82CDB24}.Release|Mixed Platforms.ActiveCfg = Release|Any CPU
		{67F9D3A8-F71E-4428-913F-C37AE82CDB24}.Release|Mixed Platforms.Build.0 = Release|Any CPU
		{67F9D3A8-F71E-4428-913F-C37AE82CDB24}.Release|x86.ActiveCfg = Release|Any CPU
		{6F5D5744-769A-4108-A1FF-867EAA173275}.Ad-Hoc|Any CPU.ActiveCfg = Release|Any CPU
		{6F5D5744-769A-4108-A1FF-867EAA173275}.Ad-Hoc|Any CPU.Build.0 = Release|Any CPU
		{6F5D5744-769A-4108-A1FF-867EAA173275}.Ad-Hoc|ARM.ActiveCfg = Release|Any CPU
		{6F5D5744-769A-4108-A1FF-867EAA173275}.Ad-Hoc|iPhone.ActiveCfg = Release|Any CPU
		{6F5D5744-769A-4108-A1FF-867EAA173275}.Ad-Hoc|iPhoneSimulator.ActiveCfg = Release|Any CPU
		{6F5D5744-769A-4108-A1FF-867EAA173275}.Ad-Hoc|Mixed Platforms.ActiveCfg = Release|Any CPU
		{6F5D5744-769A-4108-A1FF-867EAA173275}.Ad-Hoc|Mixed Platforms.Build.0 = Release|Any CPU
		{6F5D5744-769A-4108-A1FF-867EAA173275}.Ad-Hoc|x86.ActiveCfg = Release|Any CPU
		{6F5D5744-769A-4108-A1FF-867EAA173275}.AppStore|Any CPU.ActiveCfg = Release|Any CPU
		{6F5D5744-769A-4108-A1FF-867EAA173275}.AppStore|Any CPU.Build.0 = Release|Any CPU
		{6F5D5744-769A-4108-A1FF-867EAA173275}.AppStore|ARM.ActiveCfg = Release|Any CPU
		{6F5D5744-769A-4108-A1FF-867EAA173275}.AppStore|iPhone.ActiveCfg = Release|Any CPU
		{6F5D5744-769A-4108-A1FF-867EAA173275}.AppStore|iPhoneSimulator.ActiveCfg = Release|Any CPU
		{6F5D5744-769A-4108-A1FF-867EAA173275}.AppStore|Mixed Platforms.ActiveCfg = Release|Any CPU
		{6F5D5744-769A-4108-A1FF-867EAA173275}.AppStore|Mixed Platforms.Build.0 = Release|Any CPU
		{6F5D5744-769A-4108-A1FF-867EAA173275}.AppStore|x86.ActiveCfg = Release|Any CPU
		{6F5D5744-769A-4108-A1FF-867EAA173275}.Debug|Any CPU.ActiveCfg = Debug|Any CPU
		{6F5D5744-769A-4108-A1FF-867EAA173275}.Debug|Any CPU.Build.0 = Debug|Any CPU
		{6F5D5744-769A-4108-A1FF-867EAA173275}.Debug|ARM.ActiveCfg = Debug|Any CPU
		{6F5D5744-769A-4108-A1FF-867EAA173275}.Debug|iPhone.ActiveCfg = Debug|Any CPU
		{6F5D5744-769A-4108-A1FF-867EAA173275}.Debug|iPhoneSimulator.ActiveCfg = Debug|Any CPU
		{6F5D5744-769A-4108-A1FF-867EAA173275}.Debug|Mixed Platforms.ActiveCfg = Debug|Any CPU
		{6F5D5744-769A-4108-A1FF-867EAA173275}.Debug|Mixed Platforms.Build.0 = Debug|Any CPU
		{6F5D5744-769A-4108-A1FF-867EAA173275}.Debug|x86.ActiveCfg = Debug|Any CPU
		{6F5D5744-769A-4108-A1FF-867EAA173275}.Release|Any CPU.ActiveCfg = Release|Any CPU
		{6F5D5744-769A-4108-A1FF-867EAA173275}.Release|Any CPU.Build.0 = Release|Any CPU
		{6F5D5744-769A-4108-A1FF-867EAA173275}.Release|ARM.ActiveCfg = Release|Any CPU
		{6F5D5744-769A-4108-A1FF-867EAA173275}.Release|iPhone.ActiveCfg = Release|Any CPU
		{6F5D5744-769A-4108-A1FF-867EAA173275}.Release|iPhoneSimulator.ActiveCfg = Release|Any CPU
		{6F5D5744-769A-4108-A1FF-867EAA173275}.Release|Mixed Platforms.ActiveCfg = Release|Any CPU
		{6F5D5744-769A-4108-A1FF-867EAA173275}.Release|Mixed Platforms.Build.0 = Release|Any CPU
		{6F5D5744-769A-4108-A1FF-867EAA173275}.Release|x86.ActiveCfg = Release|Any CPU
		{FEACE310-0393-4F7A-92CF-E593DBC5E01C}.Ad-Hoc|Any CPU.ActiveCfg = Ad-Hoc|iPhone
		{FEACE310-0393-4F7A-92CF-E593DBC5E01C}.Ad-Hoc|ARM.ActiveCfg = Ad-Hoc|iPhone
		{FEACE310-0393-4F7A-92CF-E593DBC5E01C}.Ad-Hoc|iPhone.ActiveCfg = Ad-Hoc|iPhone
		{FEACE310-0393-4F7A-92CF-E593DBC5E01C}.Ad-Hoc|iPhone.Build.0 = Ad-Hoc|iPhone
		{FEACE310-0393-4F7A-92CF-E593DBC5E01C}.Ad-Hoc|iPhoneSimulator.ActiveCfg = Ad-Hoc|iPhoneSimulator
		{FEACE310-0393-4F7A-92CF-E593DBC5E01C}.Ad-Hoc|iPhoneSimulator.Build.0 = Ad-Hoc|iPhoneSimulator
		{FEACE310-0393-4F7A-92CF-E593DBC5E01C}.Ad-Hoc|Mixed Platforms.ActiveCfg = Ad-Hoc|iPhone
		{FEACE310-0393-4F7A-92CF-E593DBC5E01C}.Ad-Hoc|Mixed Platforms.Build.0 = Ad-Hoc|iPhone
		{FEACE310-0393-4F7A-92CF-E593DBC5E01C}.Ad-Hoc|x86.ActiveCfg = Ad-Hoc|iPhone
		{FEACE310-0393-4F7A-92CF-E593DBC5E01C}.AppStore|Any CPU.ActiveCfg = AppStore|iPhone
		{FEACE310-0393-4F7A-92CF-E593DBC5E01C}.AppStore|ARM.ActiveCfg = AppStore|iPhone
		{FEACE310-0393-4F7A-92CF-E593DBC5E01C}.AppStore|iPhone.ActiveCfg = AppStore|iPhone
		{FEACE310-0393-4F7A-92CF-E593DBC5E01C}.AppStore|iPhone.Build.0 = AppStore|iPhone
		{FEACE310-0393-4F7A-92CF-E593DBC5E01C}.AppStore|iPhoneSimulator.ActiveCfg = AppStore|iPhoneSimulator
		{FEACE310-0393-4F7A-92CF-E593DBC5E01C}.AppStore|iPhoneSimulator.Build.0 = AppStore|iPhoneSimulator
		{FEACE310-0393-4F7A-92CF-E593DBC5E01C}.AppStore|Mixed Platforms.ActiveCfg = AppStore|iPhone
		{FEACE310-0393-4F7A-92CF-E593DBC5E01C}.AppStore|Mixed Platforms.Build.0 = AppStore|iPhone
		{FEACE310-0393-4F7A-92CF-E593DBC5E01C}.AppStore|x86.ActiveCfg = AppStore|iPhone
		{FEACE310-0393-4F7A-92CF-E593DBC5E01C}.Debug|Any CPU.ActiveCfg = Debug|iPhone
		{FEACE310-0393-4F7A-92CF-E593DBC5E01C}.Debug|ARM.ActiveCfg = Debug|iPhone
		{FEACE310-0393-4F7A-92CF-E593DBC5E01C}.Debug|iPhone.ActiveCfg = Debug|iPhone
		{FEACE310-0393-4F7A-92CF-E593DBC5E01C}.Debug|iPhone.Build.0 = Debug|iPhone
		{FEACE310-0393-4F7A-92CF-E593DBC5E01C}.Debug|iPhoneSimulator.ActiveCfg = Debug|iPhoneSimulator
		{FEACE310-0393-4F7A-92CF-E593DBC5E01C}.Debug|iPhoneSimulator.Build.0 = Debug|iPhoneSimulator
		{FEACE310-0393-4F7A-92CF-E593DBC5E01C}.Debug|Mixed Platforms.ActiveCfg = Debug|iPhone
		{FEACE310-0393-4F7A-92CF-E593DBC5E01C}.Debug|Mixed Platforms.Build.0 = Debug|iPhone
		{FEACE310-0393-4F7A-92CF-E593DBC5E01C}.Debug|x86.ActiveCfg = Debug|iPhone
		{FEACE310-0393-4F7A-92CF-E593DBC5E01C}.Release|Any CPU.ActiveCfg = Release|iPhone
		{FEACE310-0393-4F7A-92CF-E593DBC5E01C}.Release|ARM.ActiveCfg = Release|iPhone
		{FEACE310-0393-4F7A-92CF-E593DBC5E01C}.Release|iPhone.ActiveCfg = Release|iPhone
		{FEACE310-0393-4F7A-92CF-E593DBC5E01C}.Release|iPhone.Build.0 = Release|iPhone
		{FEACE310-0393-4F7A-92CF-E593DBC5E01C}.Release|iPhoneSimulator.ActiveCfg = Release|iPhoneSimulator
		{FEACE310-0393-4F7A-92CF-E593DBC5E01C}.Release|iPhoneSimulator.Build.0 = Release|iPhoneSimulator
		{FEACE310-0393-4F7A-92CF-E593DBC5E01C}.Release|Mixed Platforms.ActiveCfg = Release|iPhone
		{FEACE310-0393-4F7A-92CF-E593DBC5E01C}.Release|Mixed Platforms.Build.0 = Release|iPhone
		{FEACE310-0393-4F7A-92CF-E593DBC5E01C}.Release|x86.ActiveCfg = Release|iPhone
		{9973C3CE-80ED-4EC5-966C-E7E18FF89799}.Ad-Hoc|Any CPU.ActiveCfg = Release|Any CPU
		{9973C3CE-80ED-4EC5-966C-E7E18FF89799}.Ad-Hoc|Any CPU.Build.0 = Release|Any CPU
		{9973C3CE-80ED-4EC5-966C-E7E18FF89799}.Ad-Hoc|Any CPU.Deploy.0 = Release|Any CPU
		{9973C3CE-80ED-4EC5-966C-E7E18FF89799}.Ad-Hoc|ARM.ActiveCfg = Release|Any CPU
		{9973C3CE-80ED-4EC5-966C-E7E18FF89799}.Ad-Hoc|iPhone.ActiveCfg = Release|Any CPU
		{9973C3CE-80ED-4EC5-966C-E7E18FF89799}.Ad-Hoc|iPhoneSimulator.ActiveCfg = Release|Any CPU
		{9973C3CE-80ED-4EC5-966C-E7E18FF89799}.Ad-Hoc|Mixed Platforms.ActiveCfg = Release|Any CPU
		{9973C3CE-80ED-4EC5-966C-E7E18FF89799}.Ad-Hoc|Mixed Platforms.Build.0 = Release|Any CPU
		{9973C3CE-80ED-4EC5-966C-E7E18FF89799}.Ad-Hoc|Mixed Platforms.Deploy.0 = Release|Any CPU
		{9973C3CE-80ED-4EC5-966C-E7E18FF89799}.Ad-Hoc|x86.ActiveCfg = Release|Any CPU
		{9973C3CE-80ED-4EC5-966C-E7E18FF89799}.AppStore|Any CPU.ActiveCfg = Release|Any CPU
		{9973C3CE-80ED-4EC5-966C-E7E18FF89799}.AppStore|Any CPU.Build.0 = Release|Any CPU
		{9973C3CE-80ED-4EC5-966C-E7E18FF89799}.AppStore|Any CPU.Deploy.0 = Release|Any CPU
		{9973C3CE-80ED-4EC5-966C-E7E18FF89799}.AppStore|ARM.ActiveCfg = Release|Any CPU
		{9973C3CE-80ED-4EC5-966C-E7E18FF89799}.AppStore|iPhone.ActiveCfg = Release|Any CPU
		{9973C3CE-80ED-4EC5-966C-E7E18FF89799}.AppStore|iPhoneSimulator.ActiveCfg = Release|Any CPU
		{9973C3CE-80ED-4EC5-966C-E7E18FF89799}.AppStore|Mixed Platforms.ActiveCfg = Release|Any CPU
		{9973C3CE-80ED-4EC5-966C-E7E18FF89799}.AppStore|Mixed Platforms.Build.0 = Release|Any CPU
		{9973C3CE-80ED-4EC5-966C-E7E18FF89799}.AppStore|Mixed Platforms.Deploy.0 = Release|Any CPU
		{9973C3CE-80ED-4EC5-966C-E7E18FF89799}.AppStore|x86.ActiveCfg = Release|Any CPU
		{9973C3CE-80ED-4EC5-966C-E7E18FF89799}.Debug|Any CPU.ActiveCfg = Debug|Any CPU
		{9973C3CE-80ED-4EC5-966C-E7E18FF89799}.Debug|Any CPU.Build.0 = Debug|Any CPU
		{9973C3CE-80ED-4EC5-966C-E7E18FF89799}.Debug|Any CPU.Deploy.0 = Debug|Any CPU
		{9973C3CE-80ED-4EC5-966C-E7E18FF89799}.Debug|ARM.ActiveCfg = Debug|Any CPU
		{9973C3CE-80ED-4EC5-966C-E7E18FF89799}.Debug|iPhone.ActiveCfg = Debug|Any CPU
		{9973C3CE-80ED-4EC5-966C-E7E18FF89799}.Debug|iPhoneSimulator.ActiveCfg = Debug|Any CPU
		{9973C3CE-80ED-4EC5-966C-E7E18FF89799}.Debug|Mixed Platforms.ActiveCfg = Debug|Any CPU
		{9973C3CE-80ED-4EC5-966C-E7E18FF89799}.Debug|Mixed Platforms.Build.0 = Debug|Any CPU
		{9973C3CE-80ED-4EC5-966C-E7E18FF89799}.Debug|Mixed Platforms.Deploy.0 = Debug|Any CPU
		{9973C3CE-80ED-4EC5-966C-E7E18FF89799}.Debug|x86.ActiveCfg = Debug|Any CPU
		{9973C3CE-80ED-4EC5-966C-E7E18FF89799}.Release|Any CPU.ActiveCfg = Release|Any CPU
		{9973C3CE-80ED-4EC5-966C-E7E18FF89799}.Release|Any CPU.Build.0 = Release|Any CPU
		{9973C3CE-80ED-4EC5-966C-E7E18FF89799}.Release|Any CPU.Deploy.0 = Release|Any CPU
		{9973C3CE-80ED-4EC5-966C-E7E18FF89799}.Release|ARM.ActiveCfg = Release|Any CPU
		{9973C3CE-80ED-4EC5-966C-E7E18FF89799}.Release|iPhone.ActiveCfg = Release|Any CPU
		{9973C3CE-80ED-4EC5-966C-E7E18FF89799}.Release|iPhoneSimulator.ActiveCfg = Release|Any CPU
		{9973C3CE-80ED-4EC5-966C-E7E18FF89799}.Release|Mixed Platforms.ActiveCfg = Release|Any CPU
		{9973C3CE-80ED-4EC5-966C-E7E18FF89799}.Release|Mixed Platforms.Build.0 = Release|Any CPU
		{9973C3CE-80ED-4EC5-966C-E7E18FF89799}.Release|Mixed Platforms.Deploy.0 = Release|Any CPU
		{9973C3CE-80ED-4EC5-966C-E7E18FF89799}.Release|x86.ActiveCfg = Release|Any CPU
		{38CBFAA9-E253-4D54-971B-B12DCA6F808D}.Ad-Hoc|Any CPU.ActiveCfg = Release|Any CPU
		{38CBFAA9-E253-4D54-971B-B12DCA6F808D}.Ad-Hoc|Any CPU.Build.0 = Release|Any CPU
		{38CBFAA9-E253-4D54-971B-B12DCA6F808D}.Ad-Hoc|Any CPU.Deploy.0 = Release|Any CPU
		{38CBFAA9-E253-4D54-971B-B12DCA6F808D}.Ad-Hoc|ARM.ActiveCfg = Release|ARM
		{38CBFAA9-E253-4D54-971B-B12DCA6F808D}.Ad-Hoc|ARM.Build.0 = Release|ARM
		{38CBFAA9-E253-4D54-971B-B12DCA6F808D}.Ad-Hoc|ARM.Deploy.0 = Release|ARM
		{38CBFAA9-E253-4D54-971B-B12DCA6F808D}.Ad-Hoc|iPhone.ActiveCfg = Release|Any CPU
		{38CBFAA9-E253-4D54-971B-B12DCA6F808D}.Ad-Hoc|iPhoneSimulator.ActiveCfg = Release|Any CPU
		{38CBFAA9-E253-4D54-971B-B12DCA6F808D}.Ad-Hoc|Mixed Platforms.ActiveCfg = Release|x86
		{38CBFAA9-E253-4D54-971B-B12DCA6F808D}.Ad-Hoc|Mixed Platforms.Build.0 = Release|x86
		{38CBFAA9-E253-4D54-971B-B12DCA6F808D}.Ad-Hoc|Mixed Platforms.Deploy.0 = Release|x86
		{38CBFAA9-E253-4D54-971B-B12DCA6F808D}.Ad-Hoc|x86.ActiveCfg = Release|x86
		{38CBFAA9-E253-4D54-971B-B12DCA6F808D}.Ad-Hoc|x86.Build.0 = Release|x86
		{38CBFAA9-E253-4D54-971B-B12DCA6F808D}.Ad-Hoc|x86.Deploy.0 = Release|x86
		{38CBFAA9-E253-4D54-971B-B12DCA6F808D}.AppStore|Any CPU.ActiveCfg = Release|Any CPU
		{38CBFAA9-E253-4D54-971B-B12DCA6F808D}.AppStore|Any CPU.Build.0 = Release|Any CPU
		{38CBFAA9-E253-4D54-971B-B12DCA6F808D}.AppStore|Any CPU.Deploy.0 = Release|Any CPU
		{38CBFAA9-E253-4D54-971B-B12DCA6F808D}.AppStore|ARM.ActiveCfg = Release|ARM
		{38CBFAA9-E253-4D54-971B-B12DCA6F808D}.AppStore|ARM.Build.0 = Release|ARM
		{38CBFAA9-E253-4D54-971B-B12DCA6F808D}.AppStore|ARM.Deploy.0 = Release|ARM
		{38CBFAA9-E253-4D54-971B-B12DCA6F808D}.AppStore|iPhone.ActiveCfg = Release|Any CPU
		{38CBFAA9-E253-4D54-971B-B12DCA6F808D}.AppStore|iPhoneSimulator.ActiveCfg = Release|Any CPU
		{38CBFAA9-E253-4D54-971B-B12DCA6F808D}.AppStore|Mixed Platforms.ActiveCfg = Release|x86
		{38CBFAA9-E253-4D54-971B-B12DCA6F808D}.AppStore|Mixed Platforms.Build.0 = Release|x86
		{38CBFAA9-E253-4D54-971B-B12DCA6F808D}.AppStore|Mixed Platforms.Deploy.0 = Release|x86
		{38CBFAA9-E253-4D54-971B-B12DCA6F808D}.AppStore|x86.ActiveCfg = Release|x86
		{38CBFAA9-E253-4D54-971B-B12DCA6F808D}.AppStore|x86.Build.0 = Release|x86
		{38CBFAA9-E253-4D54-971B-B12DCA6F808D}.AppStore|x86.Deploy.0 = Release|x86
		{38CBFAA9-E253-4D54-971B-B12DCA6F808D}.Debug|Any CPU.ActiveCfg = Debug|Any CPU
		{38CBFAA9-E253-4D54-971B-B12DCA6F808D}.Debug|Any CPU.Build.0 = Debug|Any CPU
		{38CBFAA9-E253-4D54-971B-B12DCA6F808D}.Debug|Any CPU.Deploy.0 = Debug|Any CPU
		{38CBFAA9-E253-4D54-971B-B12DCA6F808D}.Debug|ARM.ActiveCfg = Debug|ARM
		{38CBFAA9-E253-4D54-971B-B12DCA6F808D}.Debug|ARM.Build.0 = Debug|ARM
		{38CBFAA9-E253-4D54-971B-B12DCA6F808D}.Debug|ARM.Deploy.0 = Debug|ARM
		{38CBFAA9-E253-4D54-971B-B12DCA6F808D}.Debug|iPhone.ActiveCfg = Debug|Any CPU
		{38CBFAA9-E253-4D54-971B-B12DCA6F808D}.Debug|iPhoneSimulator.ActiveCfg = Debug|Any CPU
		{38CBFAA9-E253-4D54-971B-B12DCA6F808D}.Debug|Mixed Platforms.ActiveCfg = Debug|x86
		{38CBFAA9-E253-4D54-971B-B12DCA6F808D}.Debug|Mixed Platforms.Build.0 = Debug|x86
		{38CBFAA9-E253-4D54-971B-B12DCA6F808D}.Debug|Mixed Platforms.Deploy.0 = Debug|x86
		{38CBFAA9-E253-4D54-971B-B12DCA6F808D}.Debug|x86.ActiveCfg = Debug|x86
		{38CBFAA9-E253-4D54-971B-B12DCA6F808D}.Debug|x86.Build.0 = Debug|x86
		{38CBFAA9-E253-4D54-971B-B12DCA6F808D}.Debug|x86.Deploy.0 = Debug|x86
		{38CBFAA9-E253-4D54-971B-B12DCA6F808D}.Release|Any CPU.ActiveCfg = Release|Any CPU
		{38CBFAA9-E253-4D54-971B-B12DCA6F808D}.Release|Any CPU.Build.0 = Release|Any CPU
		{38CBFAA9-E253-4D54-971B-B12DCA6F808D}.Release|Any CPU.Deploy.0 = Release|Any CPU
		{38CBFAA9-E253-4D54-971B-B12DCA6F808D}.Release|ARM.ActiveCfg = Release|ARM
		{38CBFAA9-E253-4D54-971B-B12DCA6F808D}.Release|ARM.Build.0 = Release|ARM
		{38CBFAA9-E253-4D54-971B-B12DCA6F808D}.Release|ARM.Deploy.0 = Release|ARM
		{38CBFAA9-E253-4D54-971B-B12DCA6F808D}.Release|iPhone.ActiveCfg = Release|Any CPU
		{38CBFAA9-E253-4D54-971B-B12DCA6F808D}.Release|iPhoneSimulator.ActiveCfg = Release|Any CPU
		{38CBFAA9-E253-4D54-971B-B12DCA6F808D}.Release|Mixed Platforms.ActiveCfg = Release|x86
		{38CBFAA9-E253-4D54-971B-B12DCA6F808D}.Release|Mixed Platforms.Build.0 = Release|x86
		{38CBFAA9-E253-4D54-971B-B12DCA6F808D}.Release|Mixed Platforms.Deploy.0 = Release|x86
		{38CBFAA9-E253-4D54-971B-B12DCA6F808D}.Release|x86.ActiveCfg = Release|x86
		{38CBFAA9-E253-4D54-971B-B12DCA6F808D}.Release|x86.Build.0 = Release|x86
		{38CBFAA9-E253-4D54-971B-B12DCA6F808D}.Release|x86.Deploy.0 = Release|x86
		{C0B7C1DF-2B42-4E5C-B4B2-F08F8DC3DECF}.Ad-Hoc|Any CPU.ActiveCfg = Release|Any CPU
		{C0B7C1DF-2B42-4E5C-B4B2-F08F8DC3DECF}.Ad-Hoc|Any CPU.Build.0 = Release|Any CPU
		{C0B7C1DF-2B42-4E5C-B4B2-F08F8DC3DECF}.Ad-Hoc|ARM.ActiveCfg = Release|Any CPU
		{C0B7C1DF-2B42-4E5C-B4B2-F08F8DC3DECF}.Ad-Hoc|ARM.Build.0 = Release|Any CPU
		{C0B7C1DF-2B42-4E5C-B4B2-F08F8DC3DECF}.Ad-Hoc|iPhone.ActiveCfg = Release|Any CPU
		{C0B7C1DF-2B42-4E5C-B4B2-F08F8DC3DECF}.Ad-Hoc|iPhone.Build.0 = Release|Any CPU
		{C0B7C1DF-2B42-4E5C-B4B2-F08F8DC3DECF}.Ad-Hoc|iPhoneSimulator.ActiveCfg = Release|Any CPU
		{C0B7C1DF-2B42-4E5C-B4B2-F08F8DC3DECF}.Ad-Hoc|iPhoneSimulator.Build.0 = Release|Any CPU
		{C0B7C1DF-2B42-4E5C-B4B2-F08F8DC3DECF}.Ad-Hoc|Mixed Platforms.ActiveCfg = Release|Any CPU
		{C0B7C1DF-2B42-4E5C-B4B2-F08F8DC3DECF}.Ad-Hoc|Mixed Platforms.Build.0 = Release|Any CPU
		{C0B7C1DF-2B42-4E5C-B4B2-F08F8DC3DECF}.Ad-Hoc|x86.ActiveCfg = Release|Any CPU
		{C0B7C1DF-2B42-4E5C-B4B2-F08F8DC3DECF}.Ad-Hoc|x86.Build.0 = Release|Any CPU
		{C0B7C1DF-2B42-4E5C-B4B2-F08F8DC3DECF}.AppStore|Any CPU.ActiveCfg = Release|Any CPU
		{C0B7C1DF-2B42-4E5C-B4B2-F08F8DC3DECF}.AppStore|Any CPU.Build.0 = Release|Any CPU
		{C0B7C1DF-2B42-4E5C-B4B2-F08F8DC3DECF}.AppStore|ARM.ActiveCfg = Release|Any CPU
		{C0B7C1DF-2B42-4E5C-B4B2-F08F8DC3DECF}.AppStore|ARM.Build.0 = Release|Any CPU
		{C0B7C1DF-2B42-4E5C-B4B2-F08F8DC3DECF}.AppStore|iPhone.ActiveCfg = Release|Any CPU
		{C0B7C1DF-2B42-4E5C-B4B2-F08F8DC3DECF}.AppStore|iPhone.Build.0 = Release|Any CPU
		{C0B7C1DF-2B42-4E5C-B4B2-F08F8DC3DECF}.AppStore|iPhoneSimulator.ActiveCfg = Release|Any CPU
		{C0B7C1DF-2B42-4E5C-B4B2-F08F8DC3DECF}.AppStore|iPhoneSimulator.Build.0 = Release|Any CPU
		{C0B7C1DF-2B42-4E5C-B4B2-F08F8DC3DECF}.AppStore|Mixed Platforms.ActiveCfg = Release|Any CPU
		{C0B7C1DF-2B42-4E5C-B4B2-F08F8DC3DECF}.AppStore|Mixed Platforms.Build.0 = Release|Any CPU
		{C0B7C1DF-2B42-4E5C-B4B2-F08F8DC3DECF}.AppStore|x86.ActiveCfg = Release|Any CPU
		{C0B7C1DF-2B42-4E5C-B4B2-F08F8DC3DECF}.AppStore|x86.Build.0 = Release|Any CPU
		{C0B7C1DF-2B42-4E5C-B4B2-F08F8DC3DECF}.Debug|Any CPU.ActiveCfg = Debug|Any CPU
		{C0B7C1DF-2B42-4E5C-B4B2-F08F8DC3DECF}.Debug|Any CPU.Build.0 = Debug|Any CPU
		{C0B7C1DF-2B42-4E5C-B4B2-F08F8DC3DECF}.Debug|ARM.ActiveCfg = Debug|Any CPU
		{C0B7C1DF-2B42-4E5C-B4B2-F08F8DC3DECF}.Debug|ARM.Build.0 = Debug|Any CPU
		{C0B7C1DF-2B42-4E5C-B4B2-F08F8DC3DECF}.Debug|iPhone.ActiveCfg = Debug|Any CPU
		{C0B7C1DF-2B42-4E5C-B4B2-F08F8DC3DECF}.Debug|iPhone.Build.0 = Debug|Any CPU
		{C0B7C1DF-2B42-4E5C-B4B2-F08F8DC3DECF}.Debug|iPhoneSimulator.ActiveCfg = Debug|Any CPU
		{C0B7C1DF-2B42-4E5C-B4B2-F08F8DC3DECF}.Debug|iPhoneSimulator.Build.0 = Debug|Any CPU
		{C0B7C1DF-2B42-4E5C-B4B2-F08F8DC3DECF}.Debug|Mixed Platforms.ActiveCfg = Debug|Any CPU
		{C0B7C1DF-2B42-4E5C-B4B2-F08F8DC3DECF}.Debug|Mixed Platforms.Build.0 = Debug|Any CPU
		{C0B7C1DF-2B42-4E5C-B4B2-F08F8DC3DECF}.Debug|x86.ActiveCfg = Debug|Any CPU
		{C0B7C1DF-2B42-4E5C-B4B2-F08F8DC3DECF}.Debug|x86.Build.0 = Debug|Any CPU
		{C0B7C1DF-2B42-4E5C-B4B2-F08F8DC3DECF}.Release|Any CPU.ActiveCfg = Release|Any CPU
		{C0B7C1DF-2B42-4E5C-B4B2-F08F8DC3DECF}.Release|Any CPU.Build.0 = Release|Any CPU
		{C0B7C1DF-2B42-4E5C-B4B2-F08F8DC3DECF}.Release|ARM.ActiveCfg = Release|Any CPU
		{C0B7C1DF-2B42-4E5C-B4B2-F08F8DC3DECF}.Release|ARM.Build.0 = Release|Any CPU
		{C0B7C1DF-2B42-4E5C-B4B2-F08F8DC3DECF}.Release|iPhone.ActiveCfg = Release|Any CPU
		{C0B7C1DF-2B42-4E5C-B4B2-F08F8DC3DECF}.Release|iPhone.Build.0 = Release|Any CPU
		{C0B7C1DF-2B42-4E5C-B4B2-F08F8DC3DECF}.Release|iPhoneSimulator.ActiveCfg = Release|Any CPU
		{C0B7C1DF-2B42-4E5C-B4B2-F08F8DC3DECF}.Release|iPhoneSimulator.Build.0 = Release|Any CPU
		{C0B7C1DF-2B42-4E5C-B4B2-F08F8DC3DECF}.Release|Mixed Platforms.ActiveCfg = Release|Any CPU
		{C0B7C1DF-2B42-4E5C-B4B2-F08F8DC3DECF}.Release|Mixed Platforms.Build.0 = Release|Any CPU
		{C0B7C1DF-2B42-4E5C-B4B2-F08F8DC3DECF}.Release|x86.ActiveCfg = Release|Any CPU
		{C0B7C1DF-2B42-4E5C-B4B2-F08F8DC3DECF}.Release|x86.Build.0 = Release|Any CPU
		{069EB789-B90B-4DEC-9E7D-DFDCC6077887}.Ad-Hoc|Any CPU.ActiveCfg = Release|Any CPU
		{069EB789-B90B-4DEC-9E7D-DFDCC6077887}.Ad-Hoc|Any CPU.Build.0 = Release|Any CPU
		{069EB789-B90B-4DEC-9E7D-DFDCC6077887}.Ad-Hoc|ARM.ActiveCfg = Release|Any CPU
		{069EB789-B90B-4DEC-9E7D-DFDCC6077887}.Ad-Hoc|ARM.Build.0 = Release|Any CPU
		{069EB789-B90B-4DEC-9E7D-DFDCC6077887}.Ad-Hoc|iPhone.ActiveCfg = Release|Any CPU
		{069EB789-B90B-4DEC-9E7D-DFDCC6077887}.Ad-Hoc|iPhone.Build.0 = Release|Any CPU
		{069EB789-B90B-4DEC-9E7D-DFDCC6077887}.Ad-Hoc|iPhoneSimulator.ActiveCfg = Release|Any CPU
		{069EB789-B90B-4DEC-9E7D-DFDCC6077887}.Ad-Hoc|iPhoneSimulator.Build.0 = Release|Any CPU
		{069EB789-B90B-4DEC-9E7D-DFDCC6077887}.Ad-Hoc|Mixed Platforms.ActiveCfg = Release|Any CPU
		{069EB789-B90B-4DEC-9E7D-DFDCC6077887}.Ad-Hoc|Mixed Platforms.Build.0 = Release|Any CPU
		{069EB789-B90B-4DEC-9E7D-DFDCC6077887}.Ad-Hoc|x86.ActiveCfg = Release|Any CPU
		{069EB789-B90B-4DEC-9E7D-DFDCC6077887}.Ad-Hoc|x86.Build.0 = Release|Any CPU
		{069EB789-B90B-4DEC-9E7D-DFDCC6077887}.AppStore|Any CPU.ActiveCfg = Release|Any CPU
		{069EB789-B90B-4DEC-9E7D-DFDCC6077887}.AppStore|Any CPU.Build.0 = Release|Any CPU
		{069EB789-B90B-4DEC-9E7D-DFDCC6077887}.AppStore|ARM.ActiveCfg = Release|Any CPU
		{069EB789-B90B-4DEC-9E7D-DFDCC6077887}.AppStore|ARM.Build.0 = Release|Any CPU
		{069EB789-B90B-4DEC-9E7D-DFDCC6077887}.AppStore|iPhone.ActiveCfg = Release|Any CPU
		{069EB789-B90B-4DEC-9E7D-DFDCC6077887}.AppStore|iPhone.Build.0 = Release|Any CPU
		{069EB789-B90B-4DEC-9E7D-DFDCC6077887}.AppStore|iPhoneSimulator.ActiveCfg = Release|Any CPU
		{069EB789-B90B-4DEC-9E7D-DFDCC6077887}.AppStore|iPhoneSimulator.Build.0 = Release|Any CPU
		{069EB789-B90B-4DEC-9E7D-DFDCC6077887}.AppStore|Mixed Platforms.ActiveCfg = Release|Any CPU
		{069EB789-B90B-4DEC-9E7D-DFDCC6077887}.AppStore|Mixed Platforms.Build.0 = Release|Any CPU
		{069EB789-B90B-4DEC-9E7D-DFDCC6077887}.AppStore|x86.ActiveCfg = Release|Any CPU
		{069EB789-B90B-4DEC-9E7D-DFDCC6077887}.AppStore|x86.Build.0 = Release|Any CPU
		{069EB789-B90B-4DEC-9E7D-DFDCC6077887}.Debug|Any CPU.ActiveCfg = Debug|Any CPU
		{069EB789-B90B-4DEC-9E7D-DFDCC6077887}.Debug|Any CPU.Build.0 = Debug|Any CPU
		{069EB789-B90B-4DEC-9E7D-DFDCC6077887}.Debug|ARM.ActiveCfg = Debug|Any CPU
		{069EB789-B90B-4DEC-9E7D-DFDCC6077887}.Debug|ARM.Build.0 = Debug|Any CPU
		{069EB789-B90B-4DEC-9E7D-DFDCC6077887}.Debug|iPhone.ActiveCfg = Debug|Any CPU
		{069EB789-B90B-4DEC-9E7D-DFDCC6077887}.Debug|iPhone.Build.0 = Debug|Any CPU
		{069EB789-B90B-4DEC-9E7D-DFDCC6077887}.Debug|iPhoneSimulator.ActiveCfg = Debug|Any CPU
		{069EB789-B90B-4DEC-9E7D-DFDCC6077887}.Debug|iPhoneSimulator.Build.0 = Debug|Any CPU
		{069EB789-B90B-4DEC-9E7D-DFDCC6077887}.Debug|Mixed Platforms.ActiveCfg = Debug|Any CPU
		{069EB789-B90B-4DEC-9E7D-DFDCC6077887}.Debug|Mixed Platforms.Build.0 = Debug|Any CPU
		{069EB789-B90B-4DEC-9E7D-DFDCC6077887}.Debug|x86.ActiveCfg = Debug|Any CPU
		{069EB789-B90B-4DEC-9E7D-DFDCC6077887}.Debug|x86.Build.0 = Debug|Any CPU
		{069EB789-B90B-4DEC-9E7D-DFDCC6077887}.Release|Any CPU.ActiveCfg = Release|Any CPU
		{069EB789-B90B-4DEC-9E7D-DFDCC6077887}.Release|Any CPU.Build.0 = Release|Any CPU
		{069EB789-B90B-4DEC-9E7D-DFDCC6077887}.Release|ARM.ActiveCfg = Release|Any CPU
		{069EB789-B90B-4DEC-9E7D-DFDCC6077887}.Release|ARM.Build.0 = Release|Any CPU
		{069EB789-B90B-4DEC-9E7D-DFDCC6077887}.Release|iPhone.ActiveCfg = Release|Any CPU
		{069EB789-B90B-4DEC-9E7D-DFDCC6077887}.Release|iPhone.Build.0 = Release|Any CPU
		{069EB789-B90B-4DEC-9E7D-DFDCC6077887}.Release|iPhoneSimulator.ActiveCfg = Release|Any CPU
		{069EB789-B90B-4DEC-9E7D-DFDCC6077887}.Release|iPhoneSimulator.Build.0 = Release|Any CPU
		{069EB789-B90B-4DEC-9E7D-DFDCC6077887}.Release|Mixed Platforms.ActiveCfg = Release|Any CPU
		{069EB789-B90B-4DEC-9E7D-DFDCC6077887}.Release|Mixed Platforms.Build.0 = Release|Any CPU
		{069EB789-B90B-4DEC-9E7D-DFDCC6077887}.Release|x86.ActiveCfg = Release|Any CPU
		{069EB789-B90B-4DEC-9E7D-DFDCC6077887}.Release|x86.Build.0 = Release|Any CPU
		{1A144824-2DAA-4358-86D7-E8E50FB0E220}.Ad-Hoc|Any CPU.ActiveCfg = Release|Any CPU
		{1A144824-2DAA-4358-86D7-E8E50FB0E220}.Ad-Hoc|Any CPU.Build.0 = Release|Any CPU
		{1A144824-2DAA-4358-86D7-E8E50FB0E220}.Ad-Hoc|ARM.ActiveCfg = Release|Any CPU
		{1A144824-2DAA-4358-86D7-E8E50FB0E220}.Ad-Hoc|ARM.Build.0 = Release|Any CPU
		{1A144824-2DAA-4358-86D7-E8E50FB0E220}.Ad-Hoc|iPhone.ActiveCfg = Release|Any CPU
		{1A144824-2DAA-4358-86D7-E8E50FB0E220}.Ad-Hoc|iPhone.Build.0 = Release|Any CPU
		{1A144824-2DAA-4358-86D7-E8E50FB0E220}.Ad-Hoc|iPhoneSimulator.ActiveCfg = Release|Any CPU
		{1A144824-2DAA-4358-86D7-E8E50FB0E220}.Ad-Hoc|iPhoneSimulator.Build.0 = Release|Any CPU
		{1A144824-2DAA-4358-86D7-E8E50FB0E220}.Ad-Hoc|Mixed Platforms.ActiveCfg = Release|Any CPU
		{1A144824-2DAA-4358-86D7-E8E50FB0E220}.Ad-Hoc|Mixed Platforms.Build.0 = Release|Any CPU
		{1A144824-2DAA-4358-86D7-E8E50FB0E220}.Ad-Hoc|x86.ActiveCfg = Release|Any CPU
		{1A144824-2DAA-4358-86D7-E8E50FB0E220}.Ad-Hoc|x86.Build.0 = Release|Any CPU
		{1A144824-2DAA-4358-86D7-E8E50FB0E220}.AppStore|Any CPU.ActiveCfg = Release|Any CPU
		{1A144824-2DAA-4358-86D7-E8E50FB0E220}.AppStore|Any CPU.Build.0 = Release|Any CPU
		{1A144824-2DAA-4358-86D7-E8E50FB0E220}.AppStore|ARM.ActiveCfg = Release|Any CPU
		{1A144824-2DAA-4358-86D7-E8E50FB0E220}.AppStore|ARM.Build.0 = Release|Any CPU
		{1A144824-2DAA-4358-86D7-E8E50FB0E220}.AppStore|iPhone.ActiveCfg = Release|Any CPU
		{1A144824-2DAA-4358-86D7-E8E50FB0E220}.AppStore|iPhone.Build.0 = Release|Any CPU
		{1A144824-2DAA-4358-86D7-E8E50FB0E220}.AppStore|iPhoneSimulator.ActiveCfg = Release|Any CPU
		{1A144824-2DAA-4358-86D7-E8E50FB0E220}.AppStore|iPhoneSimulator.Build.0 = Release|Any CPU
		{1A144824-2DAA-4358-86D7-E8E50FB0E220}.AppStore|Mixed Platforms.ActiveCfg = Release|Any CPU
		{1A144824-2DAA-4358-86D7-E8E50FB0E220}.AppStore|Mixed Platforms.Build.0 = Release|Any CPU
		{1A144824-2DAA-4358-86D7-E8E50FB0E220}.AppStore|x86.ActiveCfg = Release|Any CPU
		{1A144824-2DAA-4358-86D7-E8E50FB0E220}.AppStore|x86.Build.0 = Release|Any CPU
		{1A144824-2DAA-4358-86D7-E8E50FB0E220}.Debug|Any CPU.ActiveCfg = Debug|Any CPU
		{1A144824-2DAA-4358-86D7-E8E50FB0E220}.Debug|Any CPU.Build.0 = Debug|Any CPU
		{1A144824-2DAA-4358-86D7-E8E50FB0E220}.Debug|ARM.ActiveCfg = Debug|Any CPU
		{1A144824-2DAA-4358-86D7-E8E50FB0E220}.Debug|ARM.Build.0 = Debug|Any CPU
		{1A144824-2DAA-4358-86D7-E8E50FB0E220}.Debug|iPhone.ActiveCfg = Debug|Any CPU
		{1A144824-2DAA-4358-86D7-E8E50FB0E220}.Debug|iPhone.Build.0 = Debug|Any CPU
		{1A144824-2DAA-4358-86D7-E8E50FB0E220}.Debug|iPhoneSimulator.ActiveCfg = Debug|Any CPU
		{1A144824-2DAA-4358-86D7-E8E50FB0E220}.Debug|iPhoneSimulator.Build.0 = Debug|Any CPU
		{1A144824-2DAA-4358-86D7-E8E50FB0E220}.Debug|Mixed Platforms.ActiveCfg = Debug|Any CPU
		{1A144824-2DAA-4358-86D7-E8E50FB0E220}.Debug|Mixed Platforms.Build.0 = Debug|Any CPU
		{1A144824-2DAA-4358-86D7-E8E50FB0E220}.Debug|x86.ActiveCfg = Debug|Any CPU
		{1A144824-2DAA-4358-86D7-E8E50FB0E220}.Debug|x86.Build.0 = Debug|Any CPU
		{1A144824-2DAA-4358-86D7-E8E50FB0E220}.Release|Any CPU.ActiveCfg = Release|Any CPU
		{1A144824-2DAA-4358-86D7-E8E50FB0E220}.Release|Any CPU.Build.0 = Release|Any CPU
		{1A144824-2DAA-4358-86D7-E8E50FB0E220}.Release|ARM.ActiveCfg = Release|Any CPU
		{1A144824-2DAA-4358-86D7-E8E50FB0E220}.Release|ARM.Build.0 = Release|Any CPU
		{1A144824-2DAA-4358-86D7-E8E50FB0E220}.Release|iPhone.ActiveCfg = Release|Any CPU
		{1A144824-2DAA-4358-86D7-E8E50FB0E220}.Release|iPhone.Build.0 = Release|Any CPU
		{1A144824-2DAA-4358-86D7-E8E50FB0E220}.Release|iPhoneSimulator.ActiveCfg = Release|Any CPU
		{1A144824-2DAA-4358-86D7-E8E50FB0E220}.Release|iPhoneSimulator.Build.0 = Release|Any CPU
		{1A144824-2DAA-4358-86D7-E8E50FB0E220}.Release|Mixed Platforms.ActiveCfg = Release|Any CPU
		{1A144824-2DAA-4358-86D7-E8E50FB0E220}.Release|Mixed Platforms.Build.0 = Release|Any CPU
		{1A144824-2DAA-4358-86D7-E8E50FB0E220}.Release|x86.ActiveCfg = Release|Any CPU
		{1A144824-2DAA-4358-86D7-E8E50FB0E220}.Release|x86.Build.0 = Release|Any CPU
		{836D9F1D-F80F-41A9-A301-18CE788D9DF2}.Ad-Hoc|Any CPU.ActiveCfg = Release|Any CPU
		{836D9F1D-F80F-41A9-A301-18CE788D9DF2}.Ad-Hoc|Any CPU.Build.0 = Release|Any CPU
		{836D9F1D-F80F-41A9-A301-18CE788D9DF2}.Ad-Hoc|ARM.ActiveCfg = Release|Any CPU
		{836D9F1D-F80F-41A9-A301-18CE788D9DF2}.Ad-Hoc|ARM.Build.0 = Release|Any CPU
		{836D9F1D-F80F-41A9-A301-18CE788D9DF2}.Ad-Hoc|iPhone.ActiveCfg = Release|Any CPU
		{836D9F1D-F80F-41A9-A301-18CE788D9DF2}.Ad-Hoc|iPhone.Build.0 = Release|Any CPU
		{836D9F1D-F80F-41A9-A301-18CE788D9DF2}.Ad-Hoc|iPhoneSimulator.ActiveCfg = Release|Any CPU
		{836D9F1D-F80F-41A9-A301-18CE788D9DF2}.Ad-Hoc|iPhoneSimulator.Build.0 = Release|Any CPU
		{836D9F1D-F80F-41A9-A301-18CE788D9DF2}.Ad-Hoc|Mixed Platforms.ActiveCfg = Release|Any CPU
		{836D9F1D-F80F-41A9-A301-18CE788D9DF2}.Ad-Hoc|Mixed Platforms.Build.0 = Release|Any CPU
		{836D9F1D-F80F-41A9-A301-18CE788D9DF2}.Ad-Hoc|x86.ActiveCfg = Release|Any CPU
		{836D9F1D-F80F-41A9-A301-18CE788D9DF2}.Ad-Hoc|x86.Build.0 = Release|Any CPU
		{836D9F1D-F80F-41A9-A301-18CE788D9DF2}.AppStore|Any CPU.ActiveCfg = Release|Any CPU
		{836D9F1D-F80F-41A9-A301-18CE788D9DF2}.AppStore|Any CPU.Build.0 = Release|Any CPU
		{836D9F1D-F80F-41A9-A301-18CE788D9DF2}.AppStore|ARM.ActiveCfg = Release|Any CPU
		{836D9F1D-F80F-41A9-A301-18CE788D9DF2}.AppStore|ARM.Build.0 = Release|Any CPU
		{836D9F1D-F80F-41A9-A301-18CE788D9DF2}.AppStore|iPhone.ActiveCfg = Release|Any CPU
		{836D9F1D-F80F-41A9-A301-18CE788D9DF2}.AppStore|iPhone.Build.0 = Release|Any CPU
		{836D9F1D-F80F-41A9-A301-18CE788D9DF2}.AppStore|iPhoneSimulator.ActiveCfg = Release|Any CPU
		{836D9F1D-F80F-41A9-A301-18CE788D9DF2}.AppStore|iPhoneSimulator.Build.0 = Release|Any CPU
		{836D9F1D-F80F-41A9-A301-18CE788D9DF2}.AppStore|Mixed Platforms.ActiveCfg = Release|Any CPU
		{836D9F1D-F80F-41A9-A301-18CE788D9DF2}.AppStore|Mixed Platforms.Build.0 = Release|Any CPU
		{836D9F1D-F80F-41A9-A301-18CE788D9DF2}.AppStore|x86.ActiveCfg = Release|Any CPU
		{836D9F1D-F80F-41A9-A301-18CE788D9DF2}.AppStore|x86.Build.0 = Release|Any CPU
		{836D9F1D-F80F-41A9-A301-18CE788D9DF2}.Debug|Any CPU.ActiveCfg = Debug|Any CPU
		{836D9F1D-F80F-41A9-A301-18CE788D9DF2}.Debug|Any CPU.Build.0 = Debug|Any CPU
		{836D9F1D-F80F-41A9-A301-18CE788D9DF2}.Debug|ARM.ActiveCfg = Debug|Any CPU
		{836D9F1D-F80F-41A9-A301-18CE788D9DF2}.Debug|ARM.Build.0 = Debug|Any CPU
		{836D9F1D-F80F-41A9-A301-18CE788D9DF2}.Debug|iPhone.ActiveCfg = Debug|Any CPU
		{836D9F1D-F80F-41A9-A301-18CE788D9DF2}.Debug|iPhone.Build.0 = Debug|Any CPU
		{836D9F1D-F80F-41A9-A301-18CE788D9DF2}.Debug|iPhoneSimulator.ActiveCfg = Debug|Any CPU
		{836D9F1D-F80F-41A9-A301-18CE788D9DF2}.Debug|iPhoneSimulator.Build.0 = Debug|Any CPU
		{836D9F1D-F80F-41A9-A301-18CE788D9DF2}.Debug|Mixed Platforms.ActiveCfg = Debug|Any CPU
		{836D9F1D-F80F-41A9-A301-18CE788D9DF2}.Debug|Mixed Platforms.Build.0 = Debug|Any CPU
		{836D9F1D-F80F-41A9-A301-18CE788D9DF2}.Debug|x86.ActiveCfg = Debug|Any CPU
		{836D9F1D-F80F-41A9-A301-18CE788D9DF2}.Debug|x86.Build.0 = Debug|Any CPU
		{836D9F1D-F80F-41A9-A301-18CE788D9DF2}.Release|Any CPU.ActiveCfg = Release|Any CPU
		{836D9F1D-F80F-41A9-A301-18CE788D9DF2}.Release|Any CPU.Build.0 = Release|Any CPU
		{836D9F1D-F80F-41A9-A301-18CE788D9DF2}.Release|ARM.ActiveCfg = Release|Any CPU
		{836D9F1D-F80F-41A9-A301-18CE788D9DF2}.Release|ARM.Build.0 = Release|Any CPU
		{836D9F1D-F80F-41A9-A301-18CE788D9DF2}.Release|iPhone.ActiveCfg = Release|Any CPU
		{836D9F1D-F80F-41A9-A301-18CE788D9DF2}.Release|iPhone.Build.0 = Release|Any CPU
		{836D9F1D-F80F-41A9-A301-18CE788D9DF2}.Release|iPhoneSimulator.ActiveCfg = Release|Any CPU
		{836D9F1D-F80F-41A9-A301-18CE788D9DF2}.Release|iPhoneSimulator.Build.0 = Release|Any CPU
		{836D9F1D-F80F-41A9-A301-18CE788D9DF2}.Release|Mixed Platforms.ActiveCfg = Release|Any CPU
		{836D9F1D-F80F-41A9-A301-18CE788D9DF2}.Release|Mixed Platforms.Build.0 = Release|Any CPU
		{836D9F1D-F80F-41A9-A301-18CE788D9DF2}.Release|x86.ActiveCfg = Release|Any CPU
		{836D9F1D-F80F-41A9-A301-18CE788D9DF2}.Release|x86.Build.0 = Release|Any CPU
		{6B34BF5C-9E1C-4D90-BCC2-D02A870CFCC5}.Ad-Hoc|Any CPU.ActiveCfg = Release|Any CPU
		{6B34BF5C-9E1C-4D90-BCC2-D02A870CFCC5}.Ad-Hoc|Any CPU.Build.0 = Release|Any CPU
		{6B34BF5C-9E1C-4D90-BCC2-D02A870CFCC5}.Ad-Hoc|ARM.ActiveCfg = Release|Any CPU
		{6B34BF5C-9E1C-4D90-BCC2-D02A870CFCC5}.Ad-Hoc|ARM.Build.0 = Release|Any CPU
		{6B34BF5C-9E1C-4D90-BCC2-D02A870CFCC5}.Ad-Hoc|iPhone.ActiveCfg = Release|Any CPU
		{6B34BF5C-9E1C-4D90-BCC2-D02A870CFCC5}.Ad-Hoc|iPhone.Build.0 = Release|Any CPU
		{6B34BF5C-9E1C-4D90-BCC2-D02A870CFCC5}.Ad-Hoc|iPhoneSimulator.ActiveCfg = Release|Any CPU
		{6B34BF5C-9E1C-4D90-BCC2-D02A870CFCC5}.Ad-Hoc|iPhoneSimulator.Build.0 = Release|Any CPU
		{6B34BF5C-9E1C-4D90-BCC2-D02A870CFCC5}.Ad-Hoc|Mixed Platforms.ActiveCfg = Release|Any CPU
		{6B34BF5C-9E1C-4D90-BCC2-D02A870CFCC5}.Ad-Hoc|Mixed Platforms.Build.0 = Release|Any CPU
		{6B34BF5C-9E1C-4D90-BCC2-D02A870CFCC5}.Ad-Hoc|x86.ActiveCfg = Release|Any CPU
		{6B34BF5C-9E1C-4D90-BCC2-D02A870CFCC5}.Ad-Hoc|x86.Build.0 = Release|Any CPU
		{6B34BF5C-9E1C-4D90-BCC2-D02A870CFCC5}.AppStore|Any CPU.ActiveCfg = Release|Any CPU
		{6B34BF5C-9E1C-4D90-BCC2-D02A870CFCC5}.AppStore|Any CPU.Build.0 = Release|Any CPU
		{6B34BF5C-9E1C-4D90-BCC2-D02A870CFCC5}.AppStore|ARM.ActiveCfg = Release|Any CPU
		{6B34BF5C-9E1C-4D90-BCC2-D02A870CFCC5}.AppStore|ARM.Build.0 = Release|Any CPU
		{6B34BF5C-9E1C-4D90-BCC2-D02A870CFCC5}.AppStore|iPhone.ActiveCfg = Release|Any CPU
		{6B34BF5C-9E1C-4D90-BCC2-D02A870CFCC5}.AppStore|iPhone.Build.0 = Release|Any CPU
		{6B34BF5C-9E1C-4D90-BCC2-D02A870CFCC5}.AppStore|iPhoneSimulator.ActiveCfg = Release|Any CPU
		{6B34BF5C-9E1C-4D90-BCC2-D02A870CFCC5}.AppStore|iPhoneSimulator.Build.0 = Release|Any CPU
		{6B34BF5C-9E1C-4D90-BCC2-D02A870CFCC5}.AppStore|Mixed Platforms.ActiveCfg = Release|Any CPU
		{6B34BF5C-9E1C-4D90-BCC2-D02A870CFCC5}.AppStore|Mixed Platforms.Build.0 = Release|Any CPU
		{6B34BF5C-9E1C-4D90-BCC2-D02A870CFCC5}.AppStore|x86.ActiveCfg = Release|Any CPU
		{6B34BF5C-9E1C-4D90-BCC2-D02A870CFCC5}.AppStore|x86.Build.0 = Release|Any CPU
		{6B34BF5C-9E1C-4D90-BCC2-D02A870CFCC5}.Debug|Any CPU.ActiveCfg = Debug|Any CPU
		{6B34BF5C-9E1C-4D90-BCC2-D02A870CFCC5}.Debug|Any CPU.Build.0 = Debug|Any CPU
		{6B34BF5C-9E1C-4D90-BCC2-D02A870CFCC5}.Debug|ARM.ActiveCfg = Debug|Any CPU
		{6B34BF5C-9E1C-4D90-BCC2-D02A870CFCC5}.Debug|ARM.Build.0 = Debug|Any CPU
		{6B34BF5C-9E1C-4D90-BCC2-D02A870CFCC5}.Debug|iPhone.ActiveCfg = Debug|Any CPU
		{6B34BF5C-9E1C-4D90-BCC2-D02A870CFCC5}.Debug|iPhone.Build.0 = Debug|Any CPU
		{6B34BF5C-9E1C-4D90-BCC2-D02A870CFCC5}.Debug|iPhoneSimulator.ActiveCfg = Debug|Any CPU
		{6B34BF5C-9E1C-4D90-BCC2-D02A870CFCC5}.Debug|iPhoneSimulator.Build.0 = Debug|Any CPU
		{6B34BF5C-9E1C-4D90-BCC2-D02A870CFCC5}.Debug|Mixed Platforms.ActiveCfg = Debug|Any CPU
		{6B34BF5C-9E1C-4D90-BCC2-D02A870CFCC5}.Debug|Mixed Platforms.Build.0 = Debug|Any CPU
		{6B34BF5C-9E1C-4D90-BCC2-D02A870CFCC5}.Debug|x86.ActiveCfg = Debug|Any CPU
		{6B34BF5C-9E1C-4D90-BCC2-D02A870CFCC5}.Debug|x86.Build.0 = Debug|Any CPU
		{6B34BF5C-9E1C-4D90-BCC2-D02A870CFCC5}.Release|Any CPU.ActiveCfg = Release|Any CPU
		{6B34BF5C-9E1C-4D90-BCC2-D02A870CFCC5}.Release|Any CPU.Build.0 = Release|Any CPU
		{6B34BF5C-9E1C-4D90-BCC2-D02A870CFCC5}.Release|ARM.ActiveCfg = Release|Any CPU
		{6B34BF5C-9E1C-4D90-BCC2-D02A870CFCC5}.Release|ARM.Build.0 = Release|Any CPU
		{6B34BF5C-9E1C-4D90-BCC2-D02A870CFCC5}.Release|iPhone.ActiveCfg = Release|Any CPU
		{6B34BF5C-9E1C-4D90-BCC2-D02A870CFCC5}.Release|iPhone.Build.0 = Release|Any CPU
		{6B34BF5C-9E1C-4D90-BCC2-D02A870CFCC5}.Release|iPhoneSimulator.ActiveCfg = Release|Any CPU
		{6B34BF5C-9E1C-4D90-BCC2-D02A870CFCC5}.Release|iPhoneSimulator.Build.0 = Release|Any CPU
		{6B34BF5C-9E1C-4D90-BCC2-D02A870CFCC5}.Release|Mixed Platforms.ActiveCfg = Release|Any CPU
		{6B34BF5C-9E1C-4D90-BCC2-D02A870CFCC5}.Release|Mixed Platforms.Build.0 = Release|Any CPU
		{6B34BF5C-9E1C-4D90-BCC2-D02A870CFCC5}.Release|x86.ActiveCfg = Release|Any CPU
		{6B34BF5C-9E1C-4D90-BCC2-D02A870CFCC5}.Release|x86.Build.0 = Release|Any CPU
	EndGlobalSection
	GlobalSection(SolutionProperties) = preSolution
		HideSolutionNode = FALSE
	EndGlobalSection
	GlobalSection(NestedProjects) = preSolution
		{67F9D3A8-F71E-4428-913F-C37AE82CDB24} = {16A53356-F87C-4EFA-B0C3-CC86C7D0ACFA}
		{6F5D5744-769A-4108-A1FF-867EAA173275} = {16A53356-F87C-4EFA-B0C3-CC86C7D0ACFA}
		{FEACE310-0393-4F7A-92CF-E593DBC5E01C} = {16A53356-F87C-4EFA-B0C3-CC86C7D0ACFA}
		{9973C3CE-80ED-4EC5-966C-E7E18FF89799} = {16A53356-F87C-4EFA-B0C3-CC86C7D0ACFA}
		{38CBFAA9-E253-4D54-971B-B12DCA6F808D} = {16A53356-F87C-4EFA-B0C3-CC86C7D0ACFA}
		{C0B7C1DF-2B42-4E5C-B4B2-F08F8DC3DECF} = {EC3FFFAC-41CD-4DBE-A5CD-07F5EE5B6070}
		{069EB789-B90B-4DEC-9E7D-DFDCC6077887} = {EC3FFFAC-41CD-4DBE-A5CD-07F5EE5B6070}
		{1A144824-2DAA-4358-86D7-E8E50FB0E220} = {EC3FFFAC-41CD-4DBE-A5CD-07F5EE5B6070}
		{836D9F1D-F80F-41A9-A301-18CE788D9DF2} = {EC3FFFAC-41CD-4DBE-A5CD-07F5EE5B6070}
		{6B34BF5C-9E1C-4D90-BCC2-D02A870CFCC5} = {D85C75E7-298A-4A93-8445-284CD8455588}
	EndGlobalSection
EndGlobal
