
Microsoft Visual Studio Solution File, Format Version 12.00
# Visual Studio 14
VisualStudioVersion = 14.0.23107.0
MinimumVisualStudioVersion = 10.0.40219.1
Project("{2150E333-8FDC-42A3-9474-1A3956D46DE8}") = ".nuget", ".nuget", "{E2DFF8A9-A5FC-4AB6-8CB6-3A306041F7FE}"
	ProjectSection(SolutionItems) = preProject
		.nuget\NuGet.Config = .nuget\NuGet.Config
		.nuget\NuGet.exe = .nuget\NuGet.exe
		.nuget\NuGet.targets = .nuget\NuGet.targets
	EndProjectSection
EndProject
Project("{2150E333-8FDC-42A3-9474-1A3956D46DE8}") = "Api", "Api", "{EC3FFFAC-41CD-4DBE-A5CD-07F5EE5B6070}"
EndProject
Project("{FAE04EC0-301F-11D3-BF4B-00C04F79EFBC}") = "Emergy.Data", "Emergy.Data\Emergy.Data.csproj", "{1A144824-2DAA-4358-86D7-E8E50FB0E220}"
EndProject
Project("{FAE04EC0-301F-11D3-BF4B-00C04F79EFBC}") = "Emergy.Core", "Emergy.Core\Emergy.Core.csproj", "{836D9F1D-F80F-41A9-A301-18CE788D9DF2}"
EndProject
Project("{FAE04EC0-301F-11D3-BF4B-00C04F79EFBC}") = "Emergy.Api", "api\Emergy.Api\Emergy.Api.csproj", "{7F33AF10-3376-4EA5-BF4B-3E46C0D985E0}"
EndProject
Project("{FAE04EC0-301F-11D3-BF4B-00C04F79EFBC}") = "Emergy.Api.Tests", "api\Emergy.Api.Tests\Emergy.Api.Tests.csproj", "{8A83B22E-F057-4108-9DD9-4FA9D42A3A73}"
EndProject
Global
	GlobalSection(SolutionConfigurationPlatforms) = preSolution
		Debug|Any CPU = Debug|Any CPU
		Debug|x86 = Debug|x86
		Release|Any CPU = Release|Any CPU
		Release|x86 = Release|x86
	EndGlobalSection
	GlobalSection(ProjectConfigurationPlatforms) = postSolution
		{1A144824-2DAA-4358-86D7-E8E50FB0E220}.Debug|Any CPU.ActiveCfg = Debug|Any CPU
		{1A144824-2DAA-4358-86D7-E8E50FB0E220}.Debug|Any CPU.Build.0 = Debug|Any CPU
		{1A144824-2DAA-4358-86D7-E8E50FB0E220}.Debug|x86.ActiveCfg = Debug|Any CPU
		{1A144824-2DAA-4358-86D7-E8E50FB0E220}.Debug|x86.Build.0 = Debug|Any CPU
		{1A144824-2DAA-4358-86D7-E8E50FB0E220}.Release|Any CPU.ActiveCfg = Release|Any CPU
		{1A144824-2DAA-4358-86D7-E8E50FB0E220}.Release|Any CPU.Build.0 = Release|Any CPU
		{1A144824-2DAA-4358-86D7-E8E50FB0E220}.Release|x86.ActiveCfg = Release|Any CPU
		{1A144824-2DAA-4358-86D7-E8E50FB0E220}.Release|x86.Build.0 = Release|Any CPU
		{836D9F1D-F80F-41A9-A301-18CE788D9DF2}.Debug|Any CPU.ActiveCfg = Debug|Any CPU
		{836D9F1D-F80F-41A9-A301-18CE788D9DF2}.Debug|Any CPU.Build.0 = Debug|Any CPU
		{836D9F1D-F80F-41A9-A301-18CE788D9DF2}.Debug|x86.ActiveCfg = Debug|Any CPU
		{836D9F1D-F80F-41A9-A301-18CE788D9DF2}.Debug|x86.Build.0 = Debug|Any CPU
		{836D9F1D-F80F-41A9-A301-18CE788D9DF2}.Release|Any CPU.ActiveCfg = Release|Any CPU
		{836D9F1D-F80F-41A9-A301-18CE788D9DF2}.Release|Any CPU.Build.0 = Release|Any CPU
		{836D9F1D-F80F-41A9-A301-18CE788D9DF2}.Release|x86.ActiveCfg = Release|Any CPU
		{836D9F1D-F80F-41A9-A301-18CE788D9DF2}.Release|x86.Build.0 = Release|Any CPU
		{7F33AF10-3376-4EA5-BF4B-3E46C0D985E0}.Debug|Any CPU.ActiveCfg = Debug|Any CPU
		{7F33AF10-3376-4EA5-BF4B-3E46C0D985E0}.Debug|Any CPU.Build.0 = Debug|Any CPU
		{7F33AF10-3376-4EA5-BF4B-3E46C0D985E0}.Debug|x86.ActiveCfg = Debug|Any CPU
		{7F33AF10-3376-4EA5-BF4B-3E46C0D985E0}.Debug|x86.Build.0 = Debug|Any CPU
		{7F33AF10-3376-4EA5-BF4B-3E46C0D985E0}.Release|Any CPU.ActiveCfg = Release|Any CPU
		{7F33AF10-3376-4EA5-BF4B-3E46C0D985E0}.Release|Any CPU.Build.0 = Release|Any CPU
		{7F33AF10-3376-4EA5-BF4B-3E46C0D985E0}.Release|x86.ActiveCfg = Release|Any CPU
		{7F33AF10-3376-4EA5-BF4B-3E46C0D985E0}.Release|x86.Build.0 = Release|Any CPU
		{8A83B22E-F057-4108-9DD9-4FA9D42A3A73}.Debug|Any CPU.ActiveCfg = Debug|Any CPU
		{8A83B22E-F057-4108-9DD9-4FA9D42A3A73}.Debug|Any CPU.Build.0 = Debug|Any CPU
		{8A83B22E-F057-4108-9DD9-4FA9D42A3A73}.Debug|x86.ActiveCfg = Debug|Any CPU
		{8A83B22E-F057-4108-9DD9-4FA9D42A3A73}.Debug|x86.Build.0 = Debug|Any CPU
		{8A83B22E-F057-4108-9DD9-4FA9D42A3A73}.Release|Any CPU.ActiveCfg = Release|Any CPU
		{8A83B22E-F057-4108-9DD9-4FA9D42A3A73}.Release|Any CPU.Build.0 = Release|Any CPU
		{8A83B22E-F057-4108-9DD9-4FA9D42A3A73}.Release|x86.ActiveCfg = Release|Any CPU
		{8A83B22E-F057-4108-9DD9-4FA9D42A3A73}.Release|x86.Build.0 = Release|Any CPU
	EndGlobalSection
	GlobalSection(SolutionProperties) = preSolution
		HideSolutionNode = FALSE
	EndGlobalSection
	GlobalSection(NestedProjects) = preSolution
		{7F33AF10-3376-4EA5-BF4B-3E46C0D985E0} = {EC3FFFAC-41CD-4DBE-A5CD-07F5EE5B6070}
		{8A83B22E-F057-4108-9DD9-4FA9D42A3A73} = {EC3FFFAC-41CD-4DBE-A5CD-07F5EE5B6070}
	EndGlobalSection
EndGlobal
